
Microsoft Visual Studio Solution File, Format Version 12.00
# Visual Studio Version 16
VisualStudioVersion = 16.0.31613.86
MinimumVisualStudioVersion = 10.0.40219.1
Project("{FAE04EC0-301F-11D3-BF4B-00C04F79EFBC}") = "FizzBuzzTdd.Domain", "FizzBuzzTdd.Domain\FizzBuzzTdd.Domain.csproj", "{C46819F6-9D5B-462D-BA0D-B9AB306DDDC3}"
EndProject
Project("{FAE04EC0-301F-11D3-BF4B-00C04F79EFBC}") = "FizzBuzzTdd.UnitTests", "FizzBuzzTdd.UnitTests\FizzBuzzTdd.UnitTests.csproj", "{49C7C420-FE52-4ACA-807B-BA348E24BE65}"
EndProject
Global
	GlobalSection(SolutionConfigurationPlatforms) = preSolution
		Debug|Any CPU = Debug|Any CPU
		Release|Any CPU = Release|Any CPU
	EndGlobalSection
	GlobalSection(ProjectConfigurationPlatforms) = postSolution
		{C46819F6-9D5B-462D-BA0D-B9AB306DDDC3}.Debug|Any CPU.ActiveCfg = Debug|Any CPU
		{C46819F6-9D5B-462D-BA0D-B9AB306DDDC3}.Debug|Any CPU.Build.0 = Debug|Any CPU
		{C46819F6-9D5B-462D-BA0D-B9AB306DDDC3}.Release|Any CPU.ActiveCfg = Release|Any CPU
		{C46819F6-9D5B-462D-BA0D-B9AB306DDDC3}.Release|Any CPU.Build.0 = Release|Any CPU
		{49C7C420-FE52-4ACA-807B-BA348E24BE65}.Debug|Any CPU.ActiveCfg = Debug|Any CPU
		{49C7C420-FE52-4ACA-807B-BA348E24BE65}.Debug|Any CPU.Build.0 = Debug|Any CPU
		{49C7C420-FE52-4ACA-807B-BA348E24BE65}.Release|Any CPU.ActiveCfg = Release|Any CPU
		{49C7C420-FE52-4ACA-807B-BA348E24BE65}.Release|Any CPU.Build.0 = Release|Any CPU
	EndGlobalSection
	GlobalSection(SolutionProperties) = preSolution
		HideSolutionNode = FALSE
	EndGlobalSection
	GlobalSection(ExtensibilityGlobals) = postSolution
		SolutionGuid = {93BB70B5-5C76-46AE-A81D-2793DF8B6934}
	EndGlobalSection
EndGlobal
